
Microsoft Visual Studio Solution File, Format Version 12.00
# Visual Studio 15
VisualStudioVersion = 15.0.26403.0
MinimumVisualStudioVersion = 10.0.40219.1
Project("{FAE04EC0-301F-11D3-BF4B-00C04F79EFBC}") = "TaskieServer", "TaskieServer\TaskieServer.csproj", "{12D70B10-2848-4EE5-96B3-B90A8DCD6CED}"
EndProject
Project("{FAE04EC0-301F-11D3-BF4B-00C04F79EFBC}") = "TaskieServer.Tests", "TaskieServer.Tests\TaskieServer.Tests.csproj", "{A6A9E15C-CC34-42DF-92CA-437AE3657A84}"
EndProject
Global
	GlobalSection(SolutionConfigurationPlatforms) = preSolution
		Debug|Any CPU = Debug|Any CPU
		Release|Any CPU = Release|Any CPU
	EndGlobalSection
	GlobalSection(ProjectConfigurationPlatforms) = postSolution
		{12D70B10-2848-4EE5-96B3-B90A8DCD6CED}.Debug|Any CPU.ActiveCfg = Debug|Any CPU
		{12D70B10-2848-4EE5-96B3-B90A8DCD6CED}.Debug|Any CPU.Build.0 = Debug|Any CPU
		{12D70B10-2848-4EE5-96B3-B90A8DCD6CED}.Release|Any CPU.ActiveCfg = Release|Any CPU
		{12D70B10-2848-4EE5-96B3-B90A8DCD6CED}.Release|Any CPU.Build.0 = Release|Any CPU
		{A6A9E15C-CC34-42DF-92CA-437AE3657A84}.Debug|Any CPU.ActiveCfg = Debug|Any CPU
		{A6A9E15C-CC34-42DF-92CA-437AE3657A84}.Debug|Any CPU.Build.0 = Debug|Any CPU
		{A6A9E15C-CC34-42DF-92CA-437AE3657A84}.Release|Any CPU.ActiveCfg = Release|Any CPU
		{A6A9E15C-CC34-42DF-92CA-437AE3657A84}.Release|Any CPU.Build.0 = Release|Any CPU
	EndGlobalSection
	GlobalSection(SolutionProperties) = preSolution
		HideSolutionNode = FALSE
	EndGlobalSection
EndGlobal
